// !$*UTF8*$!
{
	archiveVersion = 1;
	classes = {
	};
	objectVersion = 46;
	objects = {

/* Begin PBXBuildFile section */
		680014751E62262900053DBB /* AppDelegate.swift in Sources */ = {isa = PBXBuildFile; fileRef = 680014741E62262900053DBB /* AppDelegate.swift */; };
		6800147A1E62262900053DBB /* Main.storyboard in Resources */ = {isa = PBXBuildFile; fileRef = 680014781E62262900053DBB /* Main.storyboard */; };
		6800147C1E62262900053DBB /* Assets.xcassets in Resources */ = {isa = PBXBuildFile; fileRef = 6800147B1E62262900053DBB /* Assets.xcassets */; };
		6800147F1E62262900053DBB /* LaunchScreen.storyboard in Resources */ = {isa = PBXBuildFile; fileRef = 6800147D1E62262900053DBB /* LaunchScreen.storyboard */; };
		680014871E622B4A00053DBB /* PicCollectionViewController.swift in Sources */ = {isa = PBXBuildFile; fileRef = 680014861E622B4A00053DBB /* PicCollectionViewController.swift */; };
		680014891E62337200053DBB /* CollectionReusableView.swift in Sources */ = {isa = PBXBuildFile; fileRef = 680014881E62337200053DBB /* CollectionReusableView.swift */; };
		6800148B1E62339700053DBB /* CollectionViewCell.swift in Sources */ = {isa = PBXBuildFile; fileRef = 6800148A1E62339700053DBB /* CollectionViewCell.swift */; };
		6800148D1E6236B700053DBB /* GalleryItem.swift in Sources */ = {isa = PBXBuildFile; fileRef = 6800148C1E6236B700053DBB /* GalleryItem.swift */; };
		6821BBF21E6249220073467F /* Flickr.swift in Sources */ = {isa = PBXBuildFile; fileRef = 6821BBEF1E6249220073467F /* Flickr.swift */; };
		6821BBF31E6249220073467F /* FlickrPhoto.swift in Sources */ = {isa = PBXBuildFile; fileRef = 6821BBF01E6249220073467F /* FlickrPhoto.swift */; };
		6821BBF41E6249220073467F /* FlickrSearchResults.swift in Sources */ = {isa = PBXBuildFile; fileRef = 6821BBF11E6249220073467F /* FlickrSearchResults.swift */; };
		6821BBF61E624CAD0073467F /* Network.swift in Sources */ = {isa = PBXBuildFile; fileRef = 6821BBF51E624CAD0073467F /* Network.swift */; };
/* End PBXBuildFile section */

/* Begin PBXFileReference section */
		680014711E62262900053DBB /* Photo Phabulous.app */ = {isa = PBXFileReference; explicitFileType = wrapper.application; includeInIndex = 0; path = "Photo Phabulous.app"; sourceTree = BUILT_PRODUCTS_DIR; };
		680014741E62262900053DBB /* AppDelegate.swift */ = {isa = PBXFileReference; lastKnownFileType = sourcecode.swift; path = AppDelegate.swift; sourceTree = "<group>"; };
		680014791E62262900053DBB /* Base */ = {isa = PBXFileReference; lastKnownFileType = file.storyboard; name = Base; path = Base.lproj/Main.storyboard; sourceTree = "<group>"; };
		6800147B1E62262900053DBB /* Assets.xcassets */ = {isa = PBXFileReference; lastKnownFileType = folder.assetcatalog; path = Assets.xcassets; sourceTree = "<group>"; };
		6800147E1E62262900053DBB /* Base */ = {isa = PBXFileReference; lastKnownFileType = file.storyboard; name = Base; path = Base.lproj/LaunchScreen.storyboard; sourceTree = "<group>"; };
		680014801E62262900053DBB /* Info.plist */ = {isa = PBXFileReference; lastKnownFileType = text.plist.xml; path = Info.plist; sourceTree = "<group>"; };
		680014861E622B4A00053DBB /* PicCollectionViewController.swift */ = {isa = PBXFileReference; fileEncoding = 4; lastKnownFileType = sourcecode.swift; path = PicCollectionViewController.swift; sourceTree = "<group>"; };
		680014881E62337200053DBB /* CollectionReusableView.swift */ = {isa = PBXFileReference; fileEncoding = 4; lastKnownFileType = sourcecode.swift; path = CollectionReusableView.swift; sourceTree = "<group>"; };
		6800148A1E62339700053DBB /* CollectionViewCell.swift */ = {isa = PBXFileReference; fileEncoding = 4; lastKnownFileType = sourcecode.swift; path = CollectionViewCell.swift; sourceTree = "<group>"; };
		6800148C1E6236B700053DBB /* GalleryItem.swift */ = {isa = PBXFileReference; fileEncoding = 4; lastKnownFileType = sourcecode.swift; path = GalleryItem.swift; sourceTree = "<group>"; };
		6821BBEF1E6249220073467F /* Flickr.swift */ = {isa = PBXFileReference; fileEncoding = 4; lastKnownFileType = sourcecode.swift; path = Flickr.swift; sourceTree = "<group>"; };
		6821BBF01E6249220073467F /* FlickrPhoto.swift */ = {isa = PBXFileReference; fileEncoding = 4; lastKnownFileType = sourcecode.swift; path = FlickrPhoto.swift; sourceTree = "<group>"; };
		6821BBF11E6249220073467F /* FlickrSearchResults.swift */ = {isa = PBXFileReference; fileEncoding = 4; lastKnownFileType = sourcecode.swift; path = FlickrSearchResults.swift; sourceTree = "<group>"; };
		6821BBF51E624CAD0073467F /* Network.swift */ = {isa = PBXFileReference; fileEncoding = 4; lastKnownFileType = sourcecode.swift; path = Network.swift; sourceTree = "<group>"; };
/* End PBXFileReference section */

/* Begin PBXFrameworksBuildPhase section */
		6800146E1E62262900053DBB /* Frameworks */ = {
			isa = PBXFrameworksBuildPhase;
			buildActionMask = 2147483647;
			files = (
			);
			runOnlyForDeploymentPostprocessing = 0;
		};
/* End PBXFrameworksBuildPhase section */

/* Begin PBXGroup section */
		680014681E62262900053DBB = {
			isa = PBXGroup;
			children = (
				680014731E62262900053DBB /* Photo Phabulous */,
				680014721E62262900053DBB /* Products */,
			);
			sourceTree = "<group>";
		};
		680014721E62262900053DBB /* Products */ = {
			isa = PBXGroup;
			children = (
				680014711E62262900053DBB /* Photo Phabulous.app */,
			);
			name = Products;
			sourceTree = "<group>";
		};
		680014731E62262900053DBB /* Photo Phabulous */ = {
			isa = PBXGroup;
			children = (
				6821BBEE1E6249220073467F /* FlickrFiles */,
				6800148C1E6236B700053DBB /* GalleryItem.swift */,
				6821BBF51E624CAD0073467F /* Network.swift */,
				680014741E62262900053DBB /* AppDelegate.swift */,
				680014781E62262900053DBB /* Main.storyboard */,
				680014881E62337200053DBB /* CollectionReusableView.swift */,
				6800148A1E62339700053DBB /* CollectionViewCell.swift */,
				680014861E622B4A00053DBB /* PicCollectionViewController.swift */,
				6800147B1E62262900053DBB /* Assets.xcassets */,
				6800147D1E62262900053DBB /* LaunchScreen.storyboard */,
				680014801E62262900053DBB /* Info.plist */,
			);
			path = "Photo Phabulous";
			sourceTree = "<group>";
		};
		6821BBEE1E6249220073467F /* FlickrFiles */ = {
			isa = PBXGroup;
			children = (
				6821BBEF1E6249220073467F /* Flickr.swift */,
				6821BBF01E6249220073467F /* FlickrPhoto.swift */,
				6821BBF11E6249220073467F /* FlickrSearchResults.swift */,
			);
			path = FlickrFiles;
			sourceTree = "<group>";
		};
/* End PBXGroup section */

/* Begin PBXNativeTarget section */
		680014701E62262900053DBB /* Photo Phabulous */ = {
			isa = PBXNativeTarget;
			buildConfigurationList = 680014831E62262900053DBB /* Build configuration list for PBXNativeTarget "Photo Phabulous" */;
			buildPhases = (
				6800146D1E62262900053DBB /* Sources */,
				6800146E1E62262900053DBB /* Frameworks */,
				6800146F1E62262900053DBB /* Resources */,
			);
			buildRules = (
			);
			dependencies = (
			);
			name = "Photo Phabulous";
			productName = "Photo Phabulous";
			productReference = 680014711E62262900053DBB /* Photo Phabulous.app */;
			productType = "com.apple.product-type.application";
		};
/* End PBXNativeTarget section */

/* Begin PBXProject section */
		680014691E62262900053DBB /* Project object */ = {
			isa = PBXProject;
			attributes = {
				LastSwiftUpdateCheck = 0820;
				LastUpgradeCheck = 0820;
				ORGANIZATIONNAME = "Umar Khokhar";
				TargetAttributes = {
					680014701E62262900053DBB = {
						CreatedOnToolsVersion = 8.2.1;
						ProvisioningStyle = Automatic;
					};
				};
			};
			buildConfigurationList = 6800146C1E62262900053DBB /* Build configuration list for PBXProject "Photo Phabulous" */;
			compatibilityVersion = "Xcode 3.2";
			developmentRegion = English;
			hasScannedForEncodings = 0;
			knownRegions = (
				en,
				Base,
			);
			mainGroup = 680014681E62262900053DBB;
			productRefGroup = 680014721E62262900053DBB /* Products */;
			projectDirPath = "";
			projectRoot = "";
			targets = (
				680014701E62262900053DBB /* Photo Phabulous */,
			);
		};
/* End PBXProject section */

/* Begin PBXResourcesBuildPhase section */
		6800146F1E62262900053DBB /* Resources */ = {
			isa = PBXResourcesBuildPhase;
			buildActionMask = 2147483647;
			files = (
				6800147F1E62262900053DBB /* LaunchScreen.storyboard in Resources */,
				6800147C1E62262900053DBB /* Assets.xcassets in Resources */,
				6800147A1E62262900053DBB /* Main.storyboard in Resources */,
			);
			runOnlyForDeploymentPostprocessing = 0;
		};
/* End PBXResourcesBuildPhase section */

/* Begin PBXSourcesBuildPhase section */
		6800146D1E62262900053DBB /* Sources */ = {
			isa = PBXSourcesBuildPhase;
			buildActionMask = 2147483647;
			files = (
				6800148D1E6236B700053DBB /* GalleryItem.swift in Sources */,
				680014891E62337200053DBB /* CollectionReusableView.swift in Sources */,
				680014871E622B4A00053DBB /* PicCollectionViewController.swift in Sources */,
				6821BBF61E624CAD0073467F /* Network.swift in Sources */,
				6800148B1E62339700053DBB /* CollectionViewCell.swift in Sources */,
				6821BBF31E6249220073467F /* FlickrPhoto.swift in Sources */,
				6821BBF21E6249220073467F /* Flickr.swift in Sources */,
				680014751E62262900053DBB /* AppDelegate.swift in Sources */,
				6821BBF41E6249220073467F /* FlickrSearchResults.swift in Sources */,
			);
			runOnlyForDeploymentPostprocessing = 0;
		};
/* End PBXSourcesBuildPhase section */

/* Begin PBXVariantGroup section */
		680014781E62262900053DBB /* Main.storyboard */ = {
			isa = PBXVariantGroup;
			children = (
				680014791E62262900053DBB /* Base */,
			);
			name = Main.storyboard;
			sourceTree = "<group>";
		};
		6800147D1E62262900053DBB /* LaunchScreen.storyboard */ = {
			isa = PBXVariantGroup;
			children = (
				6800147E1E62262900053DBB /* Base */,
			);
			name = LaunchScreen.storyboard;
			sourceTree = "<group>";
		};
/* End PBXVariantGroup section */

/* Begin XCBuildConfiguration section */
		680014811E62262900053DBB /* Debug */ = {
			isa = XCBuildConfiguration;
			buildSettings = {
				ALWAYS_SEARCH_USER_PATHS = NO;
				CLANG_ANALYZER_NONNULL = YES;
				CLANG_CXX_LANGUAGE_STANDARD = "gnu++0x";
				CLANG_CXX_LIBRARY = "libc++";
				CLANG_ENABLE_MODULES = YES;
				CLANG_ENABLE_OBJC_ARC = YES;
				CLANG_WARN_BOOL_CONVERSION = YES;
				CLANG_WARN_CONSTANT_CONVERSION = YES;
				CLANG_WARN_DIRECT_OBJC_ISA_USAGE = YES_ERROR;
				CLANG_WARN_DOCUMENTATION_COMMENTS = YES;
				CLANG_WARN_EMPTY_BODY = YES;
				CLANG_WARN_ENUM_CONVERSION = YES;
				CLANG_WARN_INFINITE_RECURSION = YES;
				CLANG_WARN_INT_CONVERSION = YES;
				CLANG_WARN_OBJC_ROOT_CLASS = YES_ERROR;
				CLANG_WARN_SUSPICIOUS_MOVE = YES;
				CLANG_WARN_UNREACHABLE_CODE = YES;
				CLANG_WARN__DUPLICATE_METHOD_MATCH = YES;
				"CODE_SIGN_IDENTITY[sdk=iphoneos*]" = "iPhone Developer";
				COPY_PHASE_STRIP = NO;
				DEBUG_INFORMATION_FORMAT = dwarf;
				ENABLE_STRICT_OBJC_MSGSEND = YES;
				ENABLE_TESTABILITY = YES;
				GCC_C_LANGUAGE_STANDARD = gnu99;
				GCC_DYNAMIC_NO_PIC = NO;
				GCC_NO_COMMON_BLOCKS = YES;
				GCC_OPTIMIZATION_LEVEL = 0;
				GCC_PREPROCESSOR_DEFINITIONS = (
					"DEBUG=1",
					"$(inherited)",
				);
				GCC_WARN_64_TO_32_BIT_CONVERSION = YES;
				GCC_WARN_ABOUT_RETURN_TYPE = YES_ERROR;
				GCC_WARN_UNDECLARED_SELECTOR = YES;
				GCC_WARN_UNINITIALIZED_AUTOS = YES_AGGRESSIVE;
				GCC_WARN_UNUSED_FUNCTION = YES;
				GCC_WARN_UNUSED_VARIABLE = YES;
				IPHONEOS_DEPLOYMENT_TARGET = 10.2;
				MTL_ENABLE_DEBUG_INFO = YES;
				ONLY_ACTIVE_ARCH = YES;
				SDKROOT = iphoneos;
				SWIFT_ACTIVE_COMPILATION_CONDITIONS = DEBUG;
				SWIFT_OPTIMIZATION_LEVEL = "-Onone";
				TARGETED_DEVICE_FAMILY = "1,2";
			};
			name = Debug;
		};
		680014821E62262900053DBB /* Release */ = {
			isa = XCBuildConfiguration;
			buildSettings = {
				ALWAYS_SEARCH_USER_PATHS = NO;
				CLANG_ANALYZER_NONNULL = YES;
				CLANG_CXX_LANGUAGE_STANDARD = "gnu++0x";
				CLANG_CXX_LIBRARY = "libc++";
				CLANG_ENABLE_MODULES = YES;
				CLANG_ENABLE_OBJC_ARC = YES;
				CLANG_WARN_BOOL_CONVERSION = YES;
				CLANG_WARN_CONSTANT_CONVERSION = YES;
				CLANG_WARN_DIRECT_OBJC_ISA_USAGE = YES_ERROR;
				CLANG_WARN_DOCUMENTATION_COMMENTS = YES;
				CLANG_WARN_EMPTY_BODY = YES;
				CLANG_WARN_ENUM_CONVERSION = YES;
				CLANG_WARN_INFINITE_RECURSION = YES;
				CLANG_WARN_INT_CONVERSION = YES;
				CLANG_WARN_OBJC_ROOT_CLASS = YES_ERROR;
				CLANG_WARN_SUSPICIOUS_MOVE = YES;
				CLANG_WARN_UNREACHABLE_CODE = YES;
				CLANG_WARN__DUPLICATE_METHOD_MATCH = YES;
				"CODE_SIGN_IDENTITY[sdk=iphoneos*]" = "iPhone Developer";
				COPY_PHASE_STRIP = NO;
				DEBUG_INFORMATION_FORMAT = "dwarf-with-dsym";
				ENABLE_NS_ASSERTIONS = NO;
				ENABLE_STRICT_OBJC_MSGSEND = YES;
				GCC_C_LANGUAGE_STANDARD = gnu99;
				GCC_NO_COMMON_BLOCKS = YES;
				GCC_WARN_64_TO_32_BIT_CONVERSION = YES;
				GCC_WARN_ABOUT_RETURN_TYPE = YES_ERROR;
				GCC_WARN_UNDECLARED_SELECTOR = YES;
				GCC_WARN_UNINITIALIZED_AUTOS = YES_AGGRESSIVE;
				GCC_WARN_UNUSED_FUNCTION = YES;
				GCC_WARN_UNUSED_VARIABLE = YES;
				IPHONEOS_DEPLOYMENT_TARGET = 10.2;
				MTL_ENABLE_DEBUG_INFO = NO;
				SDKROOT = iphoneos;
				SWIFT_OPTIMIZATION_LEVEL = "-Owholemodule";
				TARGETED_DEVICE_FAMILY = "1,2";
				VALIDATE_PRODUCT = YES;
			};
			name = Release;
		};
		680014841E62262900053DBB /* Debug */ = {
			isa = XCBuildConfiguration;
			buildSettings = {
				ASSETCATALOG_COMPILER_APPICON_NAME = AppIcon;
				INFOPLIST_FILE = "Photo Phabulous/Info.plist";
				LD_RUNPATH_SEARCH_PATHS = "$(inherited) @executable_path/Frameworks";
				PRODUCT_BUNDLE_IDENTIFIER = "com.khokhar.umar.Photo-Phabulous";
				PRODUCT_NAME = "$(TARGET_NAME)";
				SWIFT_VERSION = 3.0;
			};
			name = Debug;
		};
		680014851E62262900053DBB /* Release */ = {
			isa = XCBuildConfiguration;
			buildSettings = {
				ASSETCATALOG_COMPILER_APPICON_NAME = AppIcon;
				INFOPLIST_FILE = "Photo Phabulous/Info.plist";
				LD_RUNPATH_SEARCH_PATHS = "$(inherited) @executable_path/Frameworks";
				PRODUCT_BUNDLE_IDENTIFIER = "com.khokhar.umar.Photo-Phabulous";
				PRODUCT_NAME = "$(TARGET_NAME)";
				SWIFT_VERSION = 3.0;
			};
			name = Release;
		};
/* End XCBuildConfiguration section */

/* Begin XCConfigurationList section */
		6800146C1E62262900053DBB /* Build configuration list for PBXProject "Photo Phabulous" */ = {
			isa = XCConfigurationList;
			buildConfigurations = (
				680014811E62262900053DBB /* Debug */,
				680014821E62262900053DBB /* Release */,
			);
			defaultConfigurationIsVisible = 0;
			defaultConfigurationName = Release;
		};
		680014831E62262900053DBB /* Build configuration list for PBXNativeTarget "Photo Phabulous" */ = {
			isa = XCConfigurationList;
			buildConfigurations = (
				680014841E62262900053DBB /* Debug */,
				680014851E62262900053DBB /* Release */,
			);
			defaultConfigurationIsVisible = 0;
			defaultConfigurationName = Release;
		};
/* End XCConfigurationList section */
	};
	rootObject = 680014691E62262900053DBB /* Project object */;
}
